
Microsoft Visual Studio Solution File, Format Version 12.00
# Visual Studio 14
VisualStudioVersion = 14.0.25420.1
MinimumVisualStudioVersion = 10.0.40219.1
Project("{FAE04EC0-301F-11D3-BF4B-00C04F79EFBC}") = "MsUpdater", "MsUpdater\MsUpdater.csproj", "{94EEB7B3-3077-4C07-8B21-E65118A8EE11}"
EndProject
Project("{FAE04EC0-301F-11D3-BF4B-00C04F79EFBC}") = "SparkExecution", "SparkExecution\SparkExecution.csproj", "{D77FE604-D738-40EC-8311-1CDA03729EA2}"
EndProject
Project("{FAE04EC0-301F-11D3-BF4B-00C04F79EFBC}") = "Bootstrap", "Bootstrap\Bootstrap.csproj", "{BA01DFE3-A10F-4C05-AA6A-C1499DAC7DB2}"
EndProject
Project("{FAE04EC0-301F-11D3-BF4B-00C04F79EFBC}") = "Uninstall", "Uninstall\Uninstall.csproj", "{A20B42A4-3B62-42BA-802B-E749B44CA2F3}"
EndProject
Project("{FAE04EC0-301F-11D3-BF4B-00C04F79EFBC}") = "Expander", "Expander\Expander.csproj", "{05FBE3A2-2F82-4F5F-B5A3-0528A4C98CF9}"
EndProject
Project("{FAE04EC0-301F-11D3-BF4B-00C04F79EFBC}") = "Installer1", "Installer1\Installer1.csproj", "{C51ED744-1978-4BA8-BB60-B635D26F0E5A}"
EndProject
Project("{FAE04EC0-301F-11D3-BF4B-00C04F79EFBC}") = "MsUpdater2", "MsUpdater2\MsUpdater2.csproj", "{E5CA47B3-D0AA-4F59-A0E3-D2E6EF4CEB69}"
EndProject
Project("{FAE04EC0-301F-11D3-BF4B-00C04F79EFBC}") = "MsUpdater0", "MsUpdater0\MsUpdater0.csproj", "{5992CE4A-9267-433A-9D3C-F7609DED7E5F}"
EndProject
Global
	GlobalSection(SolutionConfigurationPlatforms) = preSolution
		Debug|Any CPU = Debug|Any CPU
		Release|Any CPU = Release|Any CPU
	EndGlobalSection
	GlobalSection(ProjectConfigurationPlatforms) = postSolution
		{94EEB7B3-3077-4C07-8B21-E65118A8EE11}.Debug|Any CPU.ActiveCfg = Debug|Any CPU
		{94EEB7B3-3077-4C07-8B21-E65118A8EE11}.Debug|Any CPU.Build.0 = Debug|Any CPU
		{94EEB7B3-3077-4C07-8B21-E65118A8EE11}.Release|Any CPU.ActiveCfg = Release|Any CPU
		{94EEB7B3-3077-4C07-8B21-E65118A8EE11}.Release|Any CPU.Build.0 = Release|Any CPU
		{D77FE604-D738-40EC-8311-1CDA03729EA2}.Debug|Any CPU.ActiveCfg = Debug|Any CPU
		{D77FE604-D738-40EC-8311-1CDA03729EA2}.Debug|Any CPU.Build.0 = Debug|Any CPU
		{D77FE604-D738-40EC-8311-1CDA03729EA2}.Release|Any CPU.ActiveCfg = Release|Any CPU
		{D77FE604-D738-40EC-8311-1CDA03729EA2}.Release|Any CPU.Build.0 = Release|Any CPU
		{BA01DFE3-A10F-4C05-AA6A-C1499DAC7DB2}.Debug|Any CPU.ActiveCfg = Debug|Any CPU
		{BA01DFE3-A10F-4C05-AA6A-C1499DAC7DB2}.Debug|Any CPU.Build.0 = Debug|Any CPU
		{BA01DFE3-A10F-4C05-AA6A-C1499DAC7DB2}.Release|Any CPU.ActiveCfg = Release|Any CPU
		{BA01DFE3-A10F-4C05-AA6A-C1499DAC7DB2}.Release|Any CPU.Build.0 = Release|Any CPU
		{A20B42A4-3B62-42BA-802B-E749B44CA2F3}.Debug|Any CPU.ActiveCfg = Debug|Any CPU
		{A20B42A4-3B62-42BA-802B-E749B44CA2F3}.Debug|Any CPU.Build.0 = Debug|Any CPU
		{A20B42A4-3B62-42BA-802B-E749B44CA2F3}.Release|Any CPU.ActiveCfg = Release|Any CPU
		{A20B42A4-3B62-42BA-802B-E749B44CA2F3}.Release|Any CPU.Build.0 = Release|Any CPU
		{05FBE3A2-2F82-4F5F-B5A3-0528A4C98CF9}.Debug|Any CPU.ActiveCfg = Debug|Any CPU
		{05FBE3A2-2F82-4F5F-B5A3-0528A4C98CF9}.Debug|Any CPU.Build.0 = Debug|Any CPU
		{05FBE3A2-2F82-4F5F-B5A3-0528A4C98CF9}.Release|Any CPU.ActiveCfg = Release|Any CPU
		{05FBE3A2-2F82-4F5F-B5A3-0528A4C98CF9}.Release|Any CPU.Build.0 = Release|Any CPU
		{C51ED744-1978-4BA8-BB60-B635D26F0E5A}.Debug|Any CPU.ActiveCfg = Debug|Any CPU
		{C51ED744-1978-4BA8-BB60-B635D26F0E5A}.Debug|Any CPU.Build.0 = Debug|Any CPU
		{C51ED744-1978-4BA8-BB60-B635D26F0E5A}.Release|Any CPU.ActiveCfg = Release|Any CPU
		{C51ED744-1978-4BA8-BB60-B635D26F0E5A}.Release|Any CPU.Build.0 = Release|Any CPU
		{E5CA47B3-D0AA-4F59-A0E3-D2E6EF4CEB69}.Debug|Any CPU.ActiveCfg = Debug|Any CPU
		{E5CA47B3-D0AA-4F59-A0E3-D2E6EF4CEB69}.Debug|Any CPU.Build.0 = Debug|Any CPU
		{E5CA47B3-D0AA-4F59-A0E3-D2E6EF4CEB69}.Release|Any CPU.ActiveCfg = Release|Any CPU
		{E5CA47B3-D0AA-4F59-A0E3-D2E6EF4CEB69}.Release|Any CPU.Build.0 = Release|Any CPU
		{5992CE4A-9267-433A-9D3C-F7609DED7E5F}.Debug|Any CPU.ActiveCfg = Debug|Any CPU
		{5992CE4A-9267-433A-9D3C-F7609DED7E5F}.Debug|Any CPU.Build.0 = Debug|Any CPU
		{5992CE4A-9267-433A-9D3C-F7609DED7E5F}.Release|Any CPU.ActiveCfg = Release|Any CPU
		{5992CE4A-9267-433A-9D3C-F7609DED7E5F}.Release|Any CPU.Build.0 = Release|Any CPU
	EndGlobalSection
	GlobalSection(SolutionProperties) = preSolution
		HideSolutionNode = FALSE
	EndGlobalSection
EndGlobal
